
Microsoft Visual Studio Solution File, Format Version 12.00
# Visual Studio Version 17
VisualStudioVersion = 17.11.35312.102
MinimumVisualStudioVersion = 10.0.40219.1
Project("{2150E333-8FDC-42A3-9474-1A3956D46DE8}") = "Task0", "Task0", "{44364EF8-C0F4-4C13-AED3-E6DCF1A495E3}"
EndProject
Project("{2150E333-8FDC-42A3-9474-1A3956D46DE8}") = "Task1", "Task1", "{B7A12DAC-B496-4809-AAAB-BBC27579D22E}"
EndProject
Project("{2150E333-8FDC-42A3-9474-1A3956D46DE8}") = "Task2", "Task2", "{9AC965E4-DD23-4CD5-8EBF-72C8751ABDAD}"
EndProject
Project("{2150E333-8FDC-42A3-9474-1A3956D46DE8}") = "Task3", "Task3", "{66B0AF60-5AFB-4949-8BED-77A672713623}"
EndProject
Project("{2150E333-8FDC-42A3-9474-1A3956D46DE8}") = "Task4", "Task4", "{102B1029-85BB-4D15-A87C-A9C216A04420}"
EndProject
Project("{2150E333-8FDC-42A3-9474-1A3956D46DE8}") = "Task5", "Task5", "{4A4F9042-C094-4B22-9BF1-24AFD072EE94}"
EndProject
Project("{2150E333-8FDC-42A3-9474-1A3956D46DE8}") = "Task6", "Task6", "{7B858BFC-3C6D-4FC4-9A72-5C2409A601AA}"
EndProject
Project("{2150E333-8FDC-42A3-9474-1A3956D46DE8}") = "Task7", "Task7", "{7A1B5B27-E613-4C88-A584-02D8243EA8C2}"
EndProject
Project("{9A19103F-16F7-4668-BE54-9A1E7A4F7556}") = "Tyuiu.PiskulinIY.Sprint3.Task0.V25", "Tyuiu.PiskulinIY.Sprint3.Task0.V25\Tyuiu.PiskulinIY.Sprint3.Task0.V25.csproj", "{641684DD-C768-450C-A030-A74F68500D46}"
EndProject
Project("{9A19103F-16F7-4668-BE54-9A1E7A4F7556}") = "Tyuiu.PiskulinIY.Sprint3.Task0.V25.Lib", "Tyuiu.PiskulinIY.Sprint3.Task0.V25.Lib\Tyuiu.PiskulinIY.Sprint3.Task0.V25.Lib.csproj", "{87C1BE90-0A89-4092-AE0C-238769A98EF8}"
EndProject
Project("{9A19103F-16F7-4668-BE54-9A1E7A4F7556}") = "Tyuiu.PiskulinIY.Sprint3.Task0.V25.Test", "Tyuiu.PiskulinIY.Sprint3.Task0.V25.Test\Tyuiu.PiskulinIY.Sprint3.Task0.V25.Test.csproj", "{AF4C7149-4523-45E5-AC27-3991149A8D69}"
EndProject
Project("{9A19103F-16F7-4668-BE54-9A1E7A4F7556}") = "Tyuiu.PiskulinIY.Sprint3.Task1.V24", "Tyuiu.PiskulinIY.Sprint3.Task1.V24\Tyuiu.PiskulinIY.Sprint3.Task1.V24.csproj", "{B60285B0-27D1-4CAA-ACD3-07B968F3C7CD}"
EndProject
Project("{9A19103F-16F7-4668-BE54-9A1E7A4F7556}") = "Tyuiu.PiskulinIY.Sprint3.Task1.V24.Lib", "Tyuiu.PiskulinIY.Sprint3.Task1.V24.Lib\Tyuiu.PiskulinIY.Sprint3.Task1.V24.Lib.csproj", "{F20E7302-861B-46B0-A7A9-8E32C1C899D7}"
EndProject
Project("{9A19103F-16F7-4668-BE54-9A1E7A4F7556}") = "Tyuiu.PiskulinIY.Sprint3.Task1.V24.Test", "Tyuiu.PiskulinIY.Sprint3.Task1.V24.Test\Tyuiu.PiskulinIY.Sprint3.Task1.V24.Test.csproj", "{19CBB529-5617-4160-812D-A0B8C701CD86}"
EndProject
Project("{9A19103F-16F7-4668-BE54-9A1E7A4F7556}") = "Tyuiu.PiskulinIY.Sprint3.Task2.V17", "Tyuiu.PiskulinIY.Sprint3.Task2.V17\Tyuiu.PiskulinIY.Sprint3.Task2.V17.csproj", "{D9466B60-D828-4B1D-BCA3-D7A69BED79E4}"
EndProject
Project("{9A19103F-16F7-4668-BE54-9A1E7A4F7556}") = "Tyuiu.PiskulinIY.Sprint3.Task2.V17.Lib", "Tyuiu.PiskulinIY.Sprint3.Task2.V17.Lib\Tyuiu.PiskulinIY.Sprint3.Task2.V17.Lib.csproj", "{074F5C0F-D251-4898-BC16-7478383D767B}"
EndProject
Project("{9A19103F-16F7-4668-BE54-9A1E7A4F7556}") = "Tyuiu.PiskulinIY.Sprint3.Task2.V17.Test", "Tyuiu.PiskulinIY.Sprint3.Task2.V17.Test\Tyuiu.PiskulinIY.Sprint3.Task2.V17.Test.csproj", "{F208DDA6-23F4-4269-949E-C6E9CAFC2D67}"
EndProject
Project("{9A19103F-16F7-4668-BE54-9A1E7A4F7556}") = "Tyuiu.PiskulinIY.Sprint3.Task3.V1", "Tyuiu.PiskulinIY.Sprint3.Task3.V1\Tyuiu.PiskulinIY.Sprint3.Task3.V1.csproj", "{47B52A04-EA20-4353-BC05-EC544E8F170A}"
EndProject
Project("{9A19103F-16F7-4668-BE54-9A1E7A4F7556}") = "Tyuiu.PiskulinIY.Sprint3.Task3.V1.Lib", "Tyuiu.PiskulinIY.Sprint3.Task3.V1.Lib\Tyuiu.PiskulinIY.Sprint3.Task3.V1.Lib.csproj", "{C3C1BE82-B5EC-45CA-B230-829940A9A4C9}"
EndProject
Project("{9A19103F-16F7-4668-BE54-9A1E7A4F7556}") = "Tyuiu.PiskulinIY.Sprint3.Task3.V1.Test", "Tyuiu.PiskulinIY.Sprint3.Task3.V1.Test\Tyuiu.PiskulinIY.Sprint3.Task3.V1.Test.csproj", "{0AD2C882-F7A2-4BEF-8360-4FEC07F68BEB}"
EndProject
Project("{9A19103F-16F7-4668-BE54-9A1E7A4F7556}") = "Tyuiu.PiskulinIY.Sprint3.Task4.V6", "Tyuiu.PiskulinIY.Sprint3.Task4.V6\Tyuiu.PiskulinIY.Sprint3.Task4.V6.csproj", "{3F5DBD82-C9E5-42C6-8418-6880412B8EA3}"
EndProject
Project("{9A19103F-16F7-4668-BE54-9A1E7A4F7556}") = "Tyuiu.PiskulinIY.Sprint3.Task4.V6.Lib", "Tyuiu.PiskulinIY.Sprint3.Task4.V6.Lib\Tyuiu.PiskulinIY.Sprint3.Task4.V6.Lib.csproj", "{8F12726A-F161-4AEE-A48A-300B614BBCBC}"
EndProject
Project("{9A19103F-16F7-4668-BE54-9A1E7A4F7556}") = "Tyuiu.PiskulinIY.Sprint3.Task4.V6.Test", "Tyuiu.PiskulinIY.Sprint3.Task4.V6.Test\Tyuiu.PiskulinIY.Sprint3.Task4.V6.Test.csproj", "{6C0EA30B-FCB1-4CB9-AABA-DFEDB75BD72C}"
EndProject
Project("{9A19103F-16F7-4668-BE54-9A1E7A4F7556}") = "Tyuiu.PiskulinIY.Sprint3.Task5.V1", "Tyuiu.PiskulinIY.Sprint3.Task5.V1\Tyuiu.PiskulinIY.Sprint3.Task5.V1.csproj", "{60E599D6-76EF-4628-93D6-A40AD523E169}"
EndProject
Project("{9A19103F-16F7-4668-BE54-9A1E7A4F7556}") = "Tyuiu.PiskulinIY.Sprint3.Task5.V1.Lib", "Tyuiu.PiskulinIY.Sprint3.Task5.V1.Lib\Tyuiu.PiskulinIY.Sprint3.Task5.V1.Lib.csproj", "{F7F15FA7-1B74-426B-91AE-38C6F2C73A78}"
EndProject
Project("{9A19103F-16F7-4668-BE54-9A1E7A4F7556}") = "Tyuiu.PiskulinIY.Sprint3.Task5.V1.Test", "Tyuiu.PiskulinIY.Sprint3.Task5.V1.Test\Tyuiu.PiskulinIY.Sprint3.Task5.V1.Test.csproj", "{1CD4BB6C-C0CF-4C16-8446-9CBBD4073EBB}"
EndProject
Project("{FAE04EC0-301F-11D3-BF4B-00C04F79EFBC}") = "Tyuiu.PiskulinIY.Sprint3.Task6.V11", "Tyuiu.PiskulinIY.Sprint3.Task6.V11\Tyuiu.PiskulinIY.Sprint3.Task6.V11.csproj", "{168A4692-1648-4A3E-A37B-CCAB5790B151}"
EndProject
Project("{FAE04EC0-301F-11D3-BF4B-00C04F79EFBC}") = "Tyuiu.PiskulinIY.Sprint3.Task6.V11.Lib", "Tyuiu.PiskulinIY.Sprint3.Task6.V11.Lib\Tyuiu.PiskulinIY.Sprint3.Task6.V11.Lib.csproj", "{C2157A4F-EF9E-4CC8-83B5-B43887EDA1E6}"
EndProject
Project("{FAE04EC0-301F-11D3-BF4B-00C04F79EFBC}") = "Tyuiu.PiskulinIY.Sprint3.Task6.V11.Test", "Tyuiu.PiskulinIY.Sprint3.Task6.V11.Test\Tyuiu.PiskulinIY.Sprint3.Task6.V11.Test.csproj", "{3A7D2B8C-D20C-4CAB-8CD1-8E31A3F06D11}"
EndProject
Global
	GlobalSection(SolutionConfigurationPlatforms) = preSolution
		Debug|Any CPU = Debug|Any CPU
		Release|Any CPU = Release|Any CPU
	EndGlobalSection
	GlobalSection(ProjectConfigurationPlatforms) = postSolution
		{641684DD-C768-450C-A030-A74F68500D46}.Debug|Any CPU.ActiveCfg = Debug|Any CPU
		{641684DD-C768-450C-A030-A74F68500D46}.Debug|Any CPU.Build.0 = Debug|Any CPU
		{641684DD-C768-450C-A030-A74F68500D46}.Release|Any CPU.ActiveCfg = Release|Any CPU
		{641684DD-C768-450C-A030-A74F68500D46}.Release|Any CPU.Build.0 = Release|Any CPU
		{87C1BE90-0A89-4092-AE0C-238769A98EF8}.Debug|Any CPU.ActiveCfg = Debug|Any CPU
		{87C1BE90-0A89-4092-AE0C-238769A98EF8}.Debug|Any CPU.Build.0 = Debug|Any CPU
		{87C1BE90-0A89-4092-AE0C-238769A98EF8}.Release|Any CPU.ActiveCfg = Release|Any CPU
		{87C1BE90-0A89-4092-AE0C-238769A98EF8}.Release|Any CPU.Build.0 = Release|Any CPU
		{AF4C7149-4523-45E5-AC27-3991149A8D69}.Debug|Any CPU.ActiveCfg = Debug|Any CPU
		{AF4C7149-4523-45E5-AC27-3991149A8D69}.Debug|Any CPU.Build.0 = Debug|Any CPU
		{AF4C7149-4523-45E5-AC27-3991149A8D69}.Release|Any CPU.ActiveCfg = Release|Any CPU
		{AF4C7149-4523-45E5-AC27-3991149A8D69}.Release|Any CPU.Build.0 = Release|Any CPU
		{B60285B0-27D1-4CAA-ACD3-07B968F3C7CD}.Debug|Any CPU.ActiveCfg = Debug|Any CPU
		{B60285B0-27D1-4CAA-ACD3-07B968F3C7CD}.Debug|Any CPU.Build.0 = Debug|Any CPU
		{B60285B0-27D1-4CAA-ACD3-07B968F3C7CD}.Release|Any CPU.ActiveCfg = Release|Any CPU
		{B60285B0-27D1-4CAA-ACD3-07B968F3C7CD}.Release|Any CPU.Build.0 = Release|Any CPU
		{F20E7302-861B-46B0-A7A9-8E32C1C899D7}.Debug|Any CPU.ActiveCfg = Debug|Any CPU
		{F20E7302-861B-46B0-A7A9-8E32C1C899D7}.Debug|Any CPU.Build.0 = Debug|Any CPU
		{F20E7302-861B-46B0-A7A9-8E32C1C899D7}.Release|Any CPU.ActiveCfg = Release|Any CPU
		{F20E7302-861B-46B0-A7A9-8E32C1C899D7}.Release|Any CPU.Build.0 = Release|Any CPU
		{19CBB529-5617-4160-812D-A0B8C701CD86}.Debug|Any CPU.ActiveCfg = Debug|Any CPU
		{19CBB529-5617-4160-812D-A0B8C701CD86}.Debug|Any CPU.Build.0 = Debug|Any CPU
		{19CBB529-5617-4160-812D-A0B8C701CD86}.Release|Any CPU.ActiveCfg = Release|Any CPU
		{19CBB529-5617-4160-812D-A0B8C701CD86}.Release|Any CPU.Build.0 = Release|Any CPU
		{D9466B60-D828-4B1D-BCA3-D7A69BED79E4}.Debug|Any CPU.ActiveCfg = Debug|Any CPU
		{D9466B60-D828-4B1D-BCA3-D7A69BED79E4}.Debug|Any CPU.Build.0 = Debug|Any CPU
		{D9466B60-D828-4B1D-BCA3-D7A69BED79E4}.Release|Any CPU.ActiveCfg = Release|Any CPU
		{D9466B60-D828-4B1D-BCA3-D7A69BED79E4}.Release|Any CPU.Build.0 = Release|Any CPU
		{074F5C0F-D251-4898-BC16-7478383D767B}.Debug|Any CPU.ActiveCfg = Debug|Any CPU
		{074F5C0F-D251-4898-BC16-7478383D767B}.Debug|Any CPU.Build.0 = Debug|Any CPU
		{074F5C0F-D251-4898-BC16-7478383D767B}.Release|Any CPU.ActiveCfg = Release|Any CPU
		{074F5C0F-D251-4898-BC16-7478383D767B}.Release|Any CPU.Build.0 = Release|Any CPU
		{F208DDA6-23F4-4269-949E-C6E9CAFC2D67}.Debug|Any CPU.ActiveCfg = Debug|Any CPU
		{F208DDA6-23F4-4269-949E-C6E9CAFC2D67}.Debug|Any CPU.Build.0 = Debug|Any CPU
		{F208DDA6-23F4-4269-949E-C6E9CAFC2D67}.Release|Any CPU.ActiveCfg = Release|Any CPU
		{F208DDA6-23F4-4269-949E-C6E9CAFC2D67}.Release|Any CPU.Build.0 = Release|Any CPU
		{47B52A04-EA20-4353-BC05-EC544E8F170A}.Debug|Any CPU.ActiveCfg = Debug|Any CPU
		{47B52A04-EA20-4353-BC05-EC544E8F170A}.Debug|Any CPU.Build.0 = Debug|Any CPU
		{47B52A04-EA20-4353-BC05-EC544E8F170A}.Release|Any CPU.ActiveCfg = Release|Any CPU
		{47B52A04-EA20-4353-BC05-EC544E8F170A}.Release|Any CPU.Build.0 = Release|Any CPU
		{C3C1BE82-B5EC-45CA-B230-829940A9A4C9}.Debug|Any CPU.ActiveCfg = Debug|Any CPU
		{C3C1BE82-B5EC-45CA-B230-829940A9A4C9}.Debug|Any CPU.Build.0 = Debug|Any CPU
		{C3C1BE82-B5EC-45CA-B230-829940A9A4C9}.Release|Any CPU.ActiveCfg = Release|Any CPU
		{C3C1BE82-B5EC-45CA-B230-829940A9A4C9}.Release|Any CPU.Build.0 = Release|Any CPU
		{0AD2C882-F7A2-4BEF-8360-4FEC07F68BEB}.Debug|Any CPU.ActiveCfg = Debug|Any CPU
		{0AD2C882-F7A2-4BEF-8360-4FEC07F68BEB}.Debug|Any CPU.Build.0 = Debug|Any CPU
		{0AD2C882-F7A2-4BEF-8360-4FEC07F68BEB}.Release|Any CPU.ActiveCfg = Release|Any CPU
		{0AD2C882-F7A2-4BEF-8360-4FEC07F68BEB}.Release|Any CPU.Build.0 = Release|Any CPU
		{3F5DBD82-C9E5-42C6-8418-6880412B8EA3}.Debug|Any CPU.ActiveCfg = Debug|Any CPU
		{3F5DBD82-C9E5-42C6-8418-6880412B8EA3}.Debug|Any CPU.Build.0 = Debug|Any CPU
		{3F5DBD82-C9E5-42C6-8418-6880412B8EA3}.Release|Any CPU.ActiveCfg = Release|Any CPU
		{3F5DBD82-C9E5-42C6-8418-6880412B8EA3}.Release|Any CPU.Build.0 = Release|Any CPU
		{8F12726A-F161-4AEE-A48A-300B614BBCBC}.Debug|Any CPU.ActiveCfg = Debug|Any CPU
		{8F12726A-F161-4AEE-A48A-300B614BBCBC}.Debug|Any CPU.Build.0 = Debug|Any CPU
		{8F12726A-F161-4AEE-A48A-300B614BBCBC}.Release|Any CPU.ActiveCfg = Release|Any CPU
		{8F12726A-F161-4AEE-A48A-300B614BBCBC}.Release|Any CPU.Build.0 = Release|Any CPU
		{6C0EA30B-FCB1-4CB9-AABA-DFEDB75BD72C}.Debug|Any CPU.ActiveCfg = Debug|Any CPU
		{6C0EA30B-FCB1-4CB9-AABA-DFEDB75BD72C}.Debug|Any CPU.Build.0 = Debug|Any CPU
		{6C0EA30B-FCB1-4CB9-AABA-DFEDB75BD72C}.Release|Any CPU.ActiveCfg = Release|Any CPU
		{6C0EA30B-FCB1-4CB9-AABA-DFEDB75BD72C}.Release|Any CPU.Build.0 = Release|Any CPU
		{60E599D6-76EF-4628-93D6-A40AD523E169}.Debug|Any CPU.ActiveCfg = Debug|Any CPU
		{60E599D6-76EF-4628-93D6-A40AD523E169}.Debug|Any CPU.Build.0 = Debug|Any CPU
		{60E599D6-76EF-4628-93D6-A40AD523E169}.Release|Any CPU.ActiveCfg = Release|Any CPU
		{60E599D6-76EF-4628-93D6-A40AD523E169}.Release|Any CPU.Build.0 = Release|Any CPU
		{F7F15FA7-1B74-426B-91AE-38C6F2C73A78}.Debug|Any CPU.ActiveCfg = Debug|Any CPU
		{F7F15FA7-1B74-426B-91AE-38C6F2C73A78}.Debug|Any CPU.Build.0 = Debug|Any CPU
		{F7F15FA7-1B74-426B-91AE-38C6F2C73A78}.Release|Any CPU.ActiveCfg = Release|Any CPU
		{F7F15FA7-1B74-426B-91AE-38C6F2C73A78}.Release|Any CPU.Build.0 = Release|Any CPU
		{1CD4BB6C-C0CF-4C16-8446-9CBBD4073EBB}.Debug|Any CPU.ActiveCfg = Debug|Any CPU
		{1CD4BB6C-C0CF-4C16-8446-9CBBD4073EBB}.Debug|Any CPU.Build.0 = Debug|Any CPU
		{1CD4BB6C-C0CF-4C16-8446-9CBBD4073EBB}.Release|Any CPU.ActiveCfg = Release|Any CPU
		{1CD4BB6C-C0CF-4C16-8446-9CBBD4073EBB}.Release|Any CPU.Build.0 = Release|Any CPU
		{168A4692-1648-4A3E-A37B-CCAB5790B151}.Debug|Any CPU.ActiveCfg = Debug|Any CPU
		{168A4692-1648-4A3E-A37B-CCAB5790B151}.Debug|Any CPU.Build.0 = Debug|Any CPU
		{168A4692-1648-4A3E-A37B-CCAB5790B151}.Release|Any CPU.ActiveCfg = Release|Any CPU
		{168A4692-1648-4A3E-A37B-CCAB5790B151}.Release|Any CPU.Build.0 = Release|Any CPU
		{C2157A4F-EF9E-4CC8-83B5-B43887EDA1E6}.Debug|Any CPU.ActiveCfg = Debug|Any CPU
		{C2157A4F-EF9E-4CC8-83B5-B43887EDA1E6}.Debug|Any CPU.Build.0 = Debug|Any CPU
		{C2157A4F-EF9E-4CC8-83B5-B43887EDA1E6}.Release|Any CPU.ActiveCfg = Release|Any CPU
		{C2157A4F-EF9E-4CC8-83B5-B43887EDA1E6}.Release|Any CPU.Build.0 = Release|Any CPU
		{3A7D2B8C-D20C-4CAB-8CD1-8E31A3F06D11}.Debug|Any CPU.ActiveCfg = Debug|Any CPU
		{3A7D2B8C-D20C-4CAB-8CD1-8E31A3F06D11}.Debug|Any CPU.Build.0 = Debug|Any CPU
		{3A7D2B8C-D20C-4CAB-8CD1-8E31A3F06D11}.Release|Any CPU.ActiveCfg = Release|Any CPU
		{3A7D2B8C-D20C-4CAB-8CD1-8E31A3F06D11}.Release|Any CPU.Build.0 = Release|Any CPU
	EndGlobalSection
	GlobalSection(SolutionProperties) = preSolution
		HideSolutionNode = FALSE
	EndGlobalSection
	GlobalSection(NestedProjects) = preSolution
		{641684DD-C768-450C-A030-A74F68500D46} = {44364EF8-C0F4-4C13-AED3-E6DCF1A495E3}
		{87C1BE90-0A89-4092-AE0C-238769A98EF8} = {44364EF8-C0F4-4C13-AED3-E6DCF1A495E3}
		{AF4C7149-4523-45E5-AC27-3991149A8D69} = {44364EF8-C0F4-4C13-AED3-E6DCF1A495E3}
		{B60285B0-27D1-4CAA-ACD3-07B968F3C7CD} = {B7A12DAC-B496-4809-AAAB-BBC27579D22E}
		{F20E7302-861B-46B0-A7A9-8E32C1C899D7} = {B7A12DAC-B496-4809-AAAB-BBC27579D22E}
		{19CBB529-5617-4160-812D-A0B8C701CD86} = {B7A12DAC-B496-4809-AAAB-BBC27579D22E}
		{D9466B60-D828-4B1D-BCA3-D7A69BED79E4} = {9AC965E4-DD23-4CD5-8EBF-72C8751ABDAD}
		{074F5C0F-D251-4898-BC16-7478383D767B} = {9AC965E4-DD23-4CD5-8EBF-72C8751ABDAD}
		{F208DDA6-23F4-4269-949E-C6E9CAFC2D67} = {9AC965E4-DD23-4CD5-8EBF-72C8751ABDAD}
		{47B52A04-EA20-4353-BC05-EC544E8F170A} = {66B0AF60-5AFB-4949-8BED-77A672713623}
		{C3C1BE82-B5EC-45CA-B230-829940A9A4C9} = {66B0AF60-5AFB-4949-8BED-77A672713623}
		{0AD2C882-F7A2-4BEF-8360-4FEC07F68BEB} = {66B0AF60-5AFB-4949-8BED-77A672713623}
		{3F5DBD82-C9E5-42C6-8418-6880412B8EA3} = {102B1029-85BB-4D15-A87C-A9C216A04420}
		{8F12726A-F161-4AEE-A48A-300B614BBCBC} = {102B1029-85BB-4D15-A87C-A9C216A04420}
		{6C0EA30B-FCB1-4CB9-AABA-DFEDB75BD72C} = {102B1029-85BB-4D15-A87C-A9C216A04420}
		{60E599D6-76EF-4628-93D6-A40AD523E169} = {4A4F9042-C094-4B22-9BF1-24AFD072EE94}
		{F7F15FA7-1B74-426B-91AE-38C6F2C73A78} = {4A4F9042-C094-4B22-9BF1-24AFD072EE94}
		{1CD4BB6C-C0CF-4C16-8446-9CBBD4073EBB} = {4A4F9042-C094-4B22-9BF1-24AFD072EE94}
		{168A4692-1648-4A3E-A37B-CCAB5790B151} = {7B858BFC-3C6D-4FC4-9A72-5C2409A601AA}
		{C2157A4F-EF9E-4CC8-83B5-B43887EDA1E6} = {7B858BFC-3C6D-4FC4-9A72-5C2409A601AA}
		{3A7D2B8C-D20C-4CAB-8CD1-8E31A3F06D11} = {7B858BFC-3C6D-4FC4-9A72-5C2409A601AA}
	EndGlobalSection
	GlobalSection(ExtensibilityGlobals) = postSolution
		SolutionGuid = {E341AA45-521C-435D-87A2-B9D90659D23A}
	EndGlobalSection
EndGlobal
